
Microsoft Visual Studio Solution File, Format Version 12.00
# Visual Studio Version 16
VisualStudioVersion = 16.0.29521.150
MinimumVisualStudioVersion = 10.0.40219.1
Project("{2150E333-8FDC-42A3-9474-1A3956D46DE8}") = "Application", "Application", "{E49E86BC-2D69-48E0-8A5A-B935FB5164D1}"
EndProject
Project("{2150E333-8FDC-42A3-9474-1A3956D46DE8}") = "Domain", "Domain", "{40015DDB-3AF1-4E05-9E12-18D4673DA45C}"
EndProject
Project("{2150E333-8FDC-42A3-9474-1A3956D46DE8}") = "InfaraData", "InfaraData", "{F890CCFC-1AF7-4826-BF23-FDAEB3CC37E7}"
EndProject
Project("{2150E333-8FDC-42A3-9474-1A3956D46DE8}") = "InfraIOC", "InfraIOC", "{0E8DCDA5-A323-4367-B9A2-4C35C01EC861}"
EndProject
Project("{2150E333-8FDC-42A3-9474-1A3956D46DE8}") = "Presention", "Presention", "{8834FE71-7E26-409F-9119-0E42FC97C61F}"
EndProject
Global
	GlobalSection(SolutionProperties) = preSolution
		HideSolutionNode = FALSE
	EndGlobalSection
	GlobalSection(ExtensibilityGlobals) = postSolution
		SolutionGuid = {24770E06-F96A-4DF1-8396-FC37485D6042}
	EndGlobalSection
EndGlobal
