
Microsoft Visual Studio Solution File, Format Version 12.00
# Visual Studio Version 16
VisualStudioVersion = 16.0.29521.150
MinimumVisualStudioVersion = 10.0.40219.1
Project("{2150E333-8FDC-42A3-9474-1A3956D46DE8}") = "Application", "Application", "{E49E86BC-2D69-48E0-8A5A-B935FB5164D1}"
EndProject
Project("{2150E333-8FDC-42A3-9474-1A3956D46DE8}") = "Domain", "Domain", "{40015DDB-3AF1-4E05-9E12-18D4673DA45C}"
EndProject
Project("{2150E333-8FDC-42A3-9474-1A3956D46DE8}") = "InfaraData", "InfaraData", "{F890CCFC-1AF7-4826-BF23-FDAEB3CC37E7}"
EndProject
Project("{2150E333-8FDC-42A3-9474-1A3956D46DE8}") = "InfraIOC", "InfraIOC", "{0E8DCDA5-A323-4367-B9A2-4C35C01EC861}"
EndProject
Project("{2150E333-8FDC-42A3-9474-1A3956D46DE8}") = "Presention", "Presention", "{7D6992F7-8C39-417B-850D-0E1FDE1EC697}"
EndProject
Project("{9A19103F-16F7-4668-BE54-9A1E7A4F7556}") = "VueSPATemplate", "Presention\VueSPATemplate.csproj", "{2AC377A9-6D43-4123-8220-7012DD890393}"
EndProject
Project("{9A19103F-16F7-4668-BE54-9A1E7A4F7556}") = "VueNetCore3Shop.Domain", "VueNetCore3Shop.Domain\VueNetCore3Shop.Domain.csproj", "{565EC33E-0289-48A0-9E50-251E65185F66}"
EndProject
Project("{9A19103F-16F7-4668-BE54-9A1E7A4F7556}") = "VueNetCore3Shop.InfraData", "VueNetCore3Shop.InfraData\VueNetCore3Shop.InfraData.csproj", "{465341CC-67AD-4417-BB81-16B5B2D33BB9}"
EndProject
Project("{FAE04EC0-301F-11D3-BF4B-00C04F79EFBC}") = "VueNetCore3Shop.Application", "VueNetCore3Shop.Application\VueNetCore3Shop.Application.csproj", "{F3F924BC-8311-44DD-A57D-F78EAC283B1E}"
EndProject
Project("{FAE04EC0-301F-11D3-BF4B-00C04F79EFBC}") = "VueNetCore3Shop.IOC", "VueNetCore3Shop.IOC\VueNetCore3Shop.IOC.csproj", "{0EFF7C04-BAE1-4408-9BC5-4DDDFEE3C693}"
EndProject
Global
	GlobalSection(SolutionConfigurationPlatforms) = preSolution
		Debug|Any CPU = Debug|Any CPU
		Release|Any CPU = Release|Any CPU
	EndGlobalSection
	GlobalSection(ProjectConfigurationPlatforms) = postSolution
		{2AC377A9-6D43-4123-8220-7012DD890393}.Debug|Any CPU.ActiveCfg = Debug|Any CPU
		{2AC377A9-6D43-4123-8220-7012DD890393}.Debug|Any CPU.Build.0 = Debug|Any CPU
		{2AC377A9-6D43-4123-8220-7012DD890393}.Release|Any CPU.ActiveCfg = Release|Any CPU
		{2AC377A9-6D43-4123-8220-7012DD890393}.Release|Any CPU.Build.0 = Release|Any CPU
		{565EC33E-0289-48A0-9E50-251E65185F66}.Debug|Any CPU.ActiveCfg = Debug|Any CPU
		{565EC33E-0289-48A0-9E50-251E65185F66}.Debug|Any CPU.Build.0 = Debug|Any CPU
		{565EC33E-0289-48A0-9E50-251E65185F66}.Release|Any CPU.ActiveCfg = Release|Any CPU
		{565EC33E-0289-48A0-9E50-251E65185F66}.Release|Any CPU.Build.0 = Release|Any CPU
		{465341CC-67AD-4417-BB81-16B5B2D33BB9}.Debug|Any CPU.ActiveCfg = Debug|Any CPU
		{465341CC-67AD-4417-BB81-16B5B2D33BB9}.Debug|Any CPU.Build.0 = Debug|Any CPU
		{465341CC-67AD-4417-BB81-16B5B2D33BB9}.Release|Any CPU.ActiveCfg = Release|Any CPU
		{465341CC-67AD-4417-BB81-16B5B2D33BB9}.Release|Any CPU.Build.0 = Release|Any CPU
		{F3F924BC-8311-44DD-A57D-F78EAC283B1E}.Debug|Any CPU.ActiveCfg = Debug|Any CPU
		{F3F924BC-8311-44DD-A57D-F78EAC283B1E}.Debug|Any CPU.Build.0 = Debug|Any CPU
		{F3F924BC-8311-44DD-A57D-F78EAC283B1E}.Release|Any CPU.ActiveCfg = Release|Any CPU
		{F3F924BC-8311-44DD-A57D-F78EAC283B1E}.Release|Any CPU.Build.0 = Release|Any CPU
		{0EFF7C04-BAE1-4408-9BC5-4DDDFEE3C693}.Debug|Any CPU.ActiveCfg = Debug|Any CPU
		{0EFF7C04-BAE1-4408-9BC5-4DDDFEE3C693}.Debug|Any CPU.Build.0 = Debug|Any CPU
		{0EFF7C04-BAE1-4408-9BC5-4DDDFEE3C693}.Release|Any CPU.ActiveCfg = Release|Any CPU
		{0EFF7C04-BAE1-4408-9BC5-4DDDFEE3C693}.Release|Any CPU.Build.0 = Release|Any CPU
	EndGlobalSection
	GlobalSection(SolutionProperties) = preSolution
		HideSolutionNode = FALSE
	EndGlobalSection
	GlobalSection(NestedProjects) = preSolution
		{2AC377A9-6D43-4123-8220-7012DD890393} = {7D6992F7-8C39-417B-850D-0E1FDE1EC697}
		{565EC33E-0289-48A0-9E50-251E65185F66} = {40015DDB-3AF1-4E05-9E12-18D4673DA45C}
		{465341CC-67AD-4417-BB81-16B5B2D33BB9} = {F890CCFC-1AF7-4826-BF23-FDAEB3CC37E7}
		{F3F924BC-8311-44DD-A57D-F78EAC283B1E} = {E49E86BC-2D69-48E0-8A5A-B935FB5164D1}
		{0EFF7C04-BAE1-4408-9BC5-4DDDFEE3C693} = {0E8DCDA5-A323-4367-B9A2-4C35C01EC861}
	EndGlobalSection
	GlobalSection(ExtensibilityGlobals) = postSolution
		SolutionGuid = {24770E06-F96A-4DF1-8396-FC37485D6042}
	EndGlobalSection
EndGlobal
